
Microsoft Visual Studio Solution File, Format Version 12.00
# Visual Studio Version 17
VisualStudioVersion = 17.3.32811.315
MinimumVisualStudioVersion = 10.0.40219.1
Project("{9A19103F-16F7-4668-BE54-9A1E7A4F7556}") = "HMS6", "HMS6.csproj", "{374AD934-0718-4CBC-99DA-66C0CFB36527}"
EndProject
Global
	GlobalSection(SolutionConfigurationPlatforms) = preSolution
		Debug|Any CPU = Debug|Any CPU
		Debug|ARM32 = Debug|ARM32
		Debug|x64 = Debug|x64
		Release|Any CPU = Release|Any CPU
		Release|ARM32 = Release|ARM32
		Release|x64 = Release|x64
	EndGlobalSection
	GlobalSection(ProjectConfigurationPlatforms) = postSolution
		{374AD934-0718-4CBC-99DA-66C0CFB36527}.Debug|Any CPU.ActiveCfg = Debug|Any CPU
		{374AD934-0718-4CBC-99DA-66C0CFB36527}.Debug|Any CPU.Build.0 = Debug|Any CPU
		{374AD934-0718-4CBC-99DA-66C0CFB36527}.Debug|ARM32.ActiveCfg = Debug|ARM32
		{374AD934-0718-4CBC-99DA-66C0CFB36527}.Debug|ARM32.Build.0 = Debug|ARM32
		{374AD934-0718-4CBC-99DA-66C0CFB36527}.Debug|x64.ActiveCfg = Debug|x64
		{374AD934-0718-4CBC-99DA-66C0CFB36527}.Debug|x64.Build.0 = Debug|x64
		{374AD934-0718-4CBC-99DA-66C0CFB36527}.Release|Any CPU.ActiveCfg = Release|Any CPU
		{374AD934-0718-4CBC-99DA-66C0CFB36527}.Release|Any CPU.Build.0 = Release|Any CPU
		{374AD934-0718-4CBC-99DA-66C0CFB36527}.Release|ARM32.ActiveCfg = Release|ARM32
		{374AD934-0718-4CBC-99DA-66C0CFB36527}.Release|ARM32.Build.0 = Release|ARM32
		{374AD934-0718-4CBC-99DA-66C0CFB36527}.Release|x64.ActiveCfg = Release|x64
		{374AD934-0718-4CBC-99DA-66C0CFB36527}.Release|x64.Build.0 = Release|x64
	EndGlobalSection
	GlobalSection(SolutionProperties) = preSolution
		HideSolutionNode = FALSE
	EndGlobalSection
	GlobalSection(ExtensibilityGlobals) = postSolution
		SolutionGuid = {D4C473B9-2773-46C8-A453-7921173DBD42}
	EndGlobalSection
EndGlobal
